dependencies:
- name: jenkins-x-crds
  repository: https://jenkins-x-charts.github.io/repo
  version: 3.0.12
- name: jx-pipelines-visualizer
  repository: https://jenkins-x-charts.github.io/repo
  version: 1.8.2
digest: sha256:c7f2f2efaf9e316cffb04e496df881901d4484f53779226ffa98edbf6c370466
generated: "2022-06-18T17:01:08.9280465+02:00"
