dependencies:
- name: jenkins-x-crds
  repository: https://jenkins-x-charts.github.io/repo
  version: 3.0.12
- name: jx-pipelines-visualizer
  repository: https://jenkins-x-charts.github.io/repo
  version: 1.8.2
- name: jx-preview
  repository: https://jenkins-x-charts.github.io/repo
  version: 0.0.209
- name: lighthouse
  repository: https://jenkins-x-charts.github.io/repo
  version: 1.6.7
- name: jx-build-controller
  repository: https://jenkins-x-charts.github.io/repo
  version: 0.3.21
- name: jx-kh-check
  repository: https://jenkins-x-charts.github.io/repo
  version: 0.0.78
digest: sha256:feccf8155fd36a8cf46655de6be5c1519a63238020a0534134ff704f74cbc237
generated: "2022-06-26T11:35:57.1888769+02:00"
